
Microsoft Visual Studio Solution File, Format Version 12.00
# Visual Studio Version 17
VisualStudioVersion = 17.7.34009.444
MinimumVisualStudioVersion = 10.0.40219.1
Project("{2150E333-8FDC-42A3-9474-1A3956D46DE8}") = "1-Application", "1-Application", "{22194520-9670-4D5D-BAA3-129732083653}"
EndProject
Project("{2150E333-8FDC-42A3-9474-1A3956D46DE8}") = "1.1 - DomainModel", "1.1 - DomainModel", "{229DED0B-6EEA-49A7-819D-4C1D3198A063}"
EndProject
Project("{2150E333-8FDC-42A3-9474-1A3956D46DE8}") = "1.2 - UseCase", "1.2 - UseCase", "{89F60BAC-1287-4C0B-8EDF-83E80528D1AC}"
EndProject
Project("{9A19103F-16F7-4668-BE54-9A1E7A4F7556}") = "ECommerce.Application.DomainModel", "1 - Application\DomainModel\ECommerce.Application.DomainModel\ECommerce.Application.DomainModel.csproj", "{16258FD7-D93C-4C57-B8DA-1AAEAF05703F}"
EndProject
Project("{9A19103F-16F7-4668-BE54-9A1E7A4F7556}") = "ECommerce.Application.UseCase", "1 - Application\UseCase\ECommerce.Application.UseCase\ECommerce.Application.UseCase.csproj", "{B34D9BDC-4AAE-43F5-8344-167AFB28C56F}"
EndProject
Project("{2150E333-8FDC-42A3-9474-1A3956D46DE8}") = "2-Infrastructure", "2-Infrastructure", "{6BB63DE6-F805-4534-BB7A-79BCC44B3AE4}"
EndProject
Project("{2150E333-8FDC-42A3-9474-1A3956D46DE8}") = "In", "In", "{511EF84D-5EBF-450B-B511-C268295AED06}"
EndProject
Project("{2150E333-8FDC-42A3-9474-1A3956D46DE8}") = "Out", "Out", "{E4CEC26D-F5C3-427A-9B97-FBE1B5D3A5E1}"
EndProject
Project("{FAE04EC0-301F-11D3-BF4B-00C04F79EFBC}") = "ECommerce.InfrastructureAdapter.In.WebApi", "2 - Infrastructure\In\ECommerce.InfrastructureAdapter.In.WebApi\ECommerce.InfrastructureAdapter.In.WebApi.csproj", "{0809A828-D28B-4F9C-AAA4-B17F3A5C7EBF}"
EndProject
Project("{FAE04EC0-301F-11D3-BF4B-00C04F79EFBC}") = "Ecommerce.InfrastructureAdapter.Out.AccessData", "2 - Infrastructure\Out\Ecommerce.InfrastructureAdapter.Out.AccessData\Ecommerce.InfrastructureAdapter.Out.AccessData.csproj", "{19B8259F-10A3-4725-B343-1636B06640CD}"
EndProject
Global
	GlobalSection(SolutionConfigurationPlatforms) = preSolution
		Debug|Any CPU = Debug|Any CPU
		Release|Any CPU = Release|Any CPU
	EndGlobalSection
	GlobalSection(ProjectConfigurationPlatforms) = postSolution
		{16258FD7-D93C-4C57-B8DA-1AAEAF05703F}.Debug|Any CPU.ActiveCfg = Debug|Any CPU
		{16258FD7-D93C-4C57-B8DA-1AAEAF05703F}.Debug|Any CPU.Build.0 = Debug|Any CPU
		{16258FD7-D93C-4C57-B8DA-1AAEAF05703F}.Release|Any CPU.ActiveCfg = Release|Any CPU
		{16258FD7-D93C-4C57-B8DA-1AAEAF05703F}.Release|Any CPU.Build.0 = Release|Any CPU
		{B34D9BDC-4AAE-43F5-8344-167AFB28C56F}.Debug|Any CPU.ActiveCfg = Debug|Any CPU
		{B34D9BDC-4AAE-43F5-8344-167AFB28C56F}.Debug|Any CPU.Build.0 = Debug|Any CPU
		{B34D9BDC-4AAE-43F5-8344-167AFB28C56F}.Release|Any CPU.ActiveCfg = Release|Any CPU
		{B34D9BDC-4AAE-43F5-8344-167AFB28C56F}.Release|Any CPU.Build.0 = Release|Any CPU
		{0809A828-D28B-4F9C-AAA4-B17F3A5C7EBF}.Debug|Any CPU.ActiveCfg = Debug|Any CPU
		{0809A828-D28B-4F9C-AAA4-B17F3A5C7EBF}.Debug|Any CPU.Build.0 = Debug|Any CPU
		{0809A828-D28B-4F9C-AAA4-B17F3A5C7EBF}.Release|Any CPU.ActiveCfg = Release|Any CPU
		{0809A828-D28B-4F9C-AAA4-B17F3A5C7EBF}.Release|Any CPU.Build.0 = Release|Any CPU
		{19B8259F-10A3-4725-B343-1636B06640CD}.Debug|Any CPU.ActiveCfg = Debug|Any CPU
		{19B8259F-10A3-4725-B343-1636B06640CD}.Debug|Any CPU.Build.0 = Debug|Any CPU
		{19B8259F-10A3-4725-B343-1636B06640CD}.Release|Any CPU.ActiveCfg = Release|Any CPU
		{19B8259F-10A3-4725-B343-1636B06640CD}.Release|Any CPU.Build.0 = Release|Any CPU
	EndGlobalSection
	GlobalSection(SolutionProperties) = preSolution
		HideSolutionNode = FALSE
	EndGlobalSection
	GlobalSection(NestedProjects) = preSolution
		{229DED0B-6EEA-49A7-819D-4C1D3198A063} = {22194520-9670-4D5D-BAA3-129732083653}
		{89F60BAC-1287-4C0B-8EDF-83E80528D1AC} = {22194520-9670-4D5D-BAA3-129732083653}
		{16258FD7-D93C-4C57-B8DA-1AAEAF05703F} = {229DED0B-6EEA-49A7-819D-4C1D3198A063}
		{B34D9BDC-4AAE-43F5-8344-167AFB28C56F} = {89F60BAC-1287-4C0B-8EDF-83E80528D1AC}
		{511EF84D-5EBF-450B-B511-C268295AED06} = {6BB63DE6-F805-4534-BB7A-79BCC44B3AE4}
		{E4CEC26D-F5C3-427A-9B97-FBE1B5D3A5E1} = {6BB63DE6-F805-4534-BB7A-79BCC44B3AE4}
		{0809A828-D28B-4F9C-AAA4-B17F3A5C7EBF} = {511EF84D-5EBF-450B-B511-C268295AED06}
		{19B8259F-10A3-4725-B343-1636B06640CD} = {E4CEC26D-F5C3-427A-9B97-FBE1B5D3A5E1}
	EndGlobalSection
	GlobalSection(ExtensibilityGlobals) = postSolution
		SolutionGuid = {214D067B-29DB-4920-8B42-9CD54BD2CE6B}
	EndGlobalSection
EndGlobal
